
Microsoft Visual Studio Solution File, Format Version 12.00
# Visual Studio 15
VisualStudioVersion = 15.0.28307.1500
MinimumVisualStudioVersion = 10.0.40219.1
Project("{FAE04EC0-301F-11D3-BF4B-00C04F79EFBC}") = "ExceptionHandlingDemo", "ExceptionHandlingDemo\ExceptionHandlingDemo.csproj", "{76C5B026-5780-4A99-911D-5797EF03F1FB}"
EndProject
Global
	GlobalSection(SolutionConfigurationPlatforms) = preSolution
		Debug|Any CPU = Debug|Any CPU
		Release|Any CPU = Release|Any CPU
	EndGlobalSection
	GlobalSection(ProjectConfigurationPlatforms) = postSolution
		{76C5B026-5780-4A99-911D-5797EF03F1FB}.Debug|Any CPU.ActiveCfg = Debug|Any CPU
		{76C5B026-5780-4A99-911D-5797EF03F1FB}.Debug|Any CPU.Build.0 = Debug|Any CPU
		{76C5B026-5780-4A99-911D-5797EF03F1FB}.Release|Any CPU.ActiveCfg = Release|Any CPU
		{76C5B026-5780-4A99-911D-5797EF03F1FB}.Release|Any CPU.Build.0 = Release|Any CPU
	EndGlobalSection
	GlobalSection(SolutionProperties) = preSolution
		HideSolutionNode = FALSE
	EndGlobalSection
	GlobalSection(ExtensibilityGlobals) = postSolution
		SolutionGuid = {764F48AC-3187-4759-8067-A78661D15275}
	EndGlobalSection
EndGlobal
